// !$*UTF8*$!
{
	archiveVersion = 1;
	classes = {
	};
	objectVersion = 46;
	objects = {

/* Begin PBXBuildFile section */
		BB709E231C4DC0E1001A9718 /* AppDelegate.swift in Sources */ = {isa = PBXBuildFile; fileRef = BB709E221C4DC0E1001A9718 /* AppDelegate.swift */; };
		BB709E251C4DC0E1001A9718 /* ViewController.swift in Sources */ = {isa = PBXBuildFile; fileRef = BB709E241C4DC0E1001A9718 /* ViewController.swift */; };
		BB709E281C4DC0E1001A9718 /* Main.storyboard in Resources */ = {isa = PBXBuildFile; fileRef = BB709E261C4DC0E1001A9718 /* Main.storyboard */; };
		BB709E2A1C4DC0E1001A9718 /* Assets.xcassets in Resources */ = {isa = PBXBuildFile; fileRef = BB709E291C4DC0E1001A9718 /* Assets.xcassets */; };
		BB709E2D1C4DC0E1001A9718 /* LaunchScreen.storyboard in Resources */ = {isa = PBXBuildFile; fileRef = BB709E2B1C4DC0E1001A9718 /* LaunchScreen.storyboard */; };
		BB709E381C4DC0E1001A9718 /* VideoSplitFrameTests.swift in Sources */ = {isa = PBXBuildFile; fileRef = BB709E371C4DC0E1001A9718 /* VideoSplitFrameTests.swift */; };
		BB709E431C4DC0E1001A9718 /* VideoSplitFrameUITests.swift in Sources */ = {isa = PBXBuildFile; fileRef = BB709E421C4DC0E1001A9718 /* VideoSplitFrameUITests.swift */; };
		BB709E511C4DC101001A9718 /* VIdeoSpliter.swift in Sources */ = {isa = PBXBuildFile; fileRef = BB709E501C4DC101001A9718 /* VIdeoSpliter.swift */; };
		BB709E531C4DC6A3001A9718 /* video.mp4 in Resources */ = {isa = PBXBuildFile; fileRef = BB709E521C4DC6A3001A9718 /* video.mp4 */; };
		BBA1A1F31C4DE09700487A72 /* ImageCollectionViewCell.swift in Sources */ = {isa = PBXBuildFile; fileRef = BBA1A1F11C4DE09700487A72 /* ImageCollectionViewCell.swift */; };
		BBA1A1F41C4DE09700487A72 /* ImageCollectionViewCell.xib in Resources */ = {isa = PBXBuildFile; fileRef = BBA1A1F21C4DE09700487A72 /* ImageCollectionViewCell.xib */; };
		BBA1A1F61C4E318400487A72 /* video2.mp4 in Resources */ = {isa = PBXBuildFile; fileRef = BBA1A1F51C4E318400487A72 /* video2.mp4 */; };
/* End PBXBuildFile section */

/* Begin PBXContainerItemProxy section */
		BB709E341C4DC0E1001A9718 /* PBXContainerItemProxy */ = {
			isa = PBXContainerItemProxy;
			containerPortal = BB709E171C4DC0E0001A9718 /* Project object */;
			proxyType = 1;
			remoteGlobalIDString = BB709E1E1C4DC0E1001A9718;
			remoteInfo = VideoSplitFrame;
		};
		BB709E3F1C4DC0E1001A9718 /* PBXContainerItemProxy */ = {
			isa = PBXContainerItemProxy;
			containerPortal = BB709E171C4DC0E0001A9718 /* Project object */;
			proxyType = 1;
			remoteGlobalIDString = BB709E1E1C4DC0E1001A9718;
			remoteInfo = VideoSplitFrame;
		};
/* End PBXContainerItemProxy section */

/* Begin PBXFileReference section */
		BB709E1F1C4DC0E1001A9718 /* VideoSplitFrame.app */ = {isa = PBXFileReference; explicitFileType = wrapper.application; includeInIndex = 0; path = VideoSplitFrame.app; sourceTree = BUILT_PRODUCTS_DIR; };
		BB709E221C4DC0E1001A9718 /* AppDelegate.swift */ = {isa = PBXFileReference; lastKnownFileType = sourcecode.swift; path = AppDelegate.swift; sourceTree = "<group>"; };
		BB709E241C4DC0E1001A9718 /* ViewController.swift */ = {isa = PBXFileReference; lastKnownFileType = sourcecode.swift; path = ViewController.swift; sourceTree = "<group>"; };
		BB709E271C4DC0E1001A9718 /* Base */ = {isa = PBXFileReference; lastKnownFileType = file.storyboard; name = Base; path = Base.lproj/Main.storyboard; sourceTree = "<group>"; };
		BB709E291C4DC0E1001A9718 /* Assets.xcassets */ = {isa = PBXFileReference; lastKnownFileType = folder.assetcatalog; path = Assets.xcassets; sourceTree = "<group>"; };
		BB709E2C1C4DC0E1001A9718 /* Base */ = {isa = PBXFileReference; lastKnownFileType = file.storyboard; name = Base; path = Base.lproj/LaunchScreen.storyboard; sourceTree = "<group>"; };
		BB709E2E1C4DC0E1001A9718 /* Info.plist */ = {isa = PBXFileReference; lastKnownFileType = text.plist.xml; path = Info.plist; sourceTree = "<group>"; };
		BB709E331C4DC0E1001A9718 /* VideoSplitFrameTests.xctest */ = {isa = PBXFileReference; explicitFileType = wrapper.cfbundle; includeInIndex = 0; path = VideoSplitFrameTests.xctest; sourceTree = BUILT_PRODUCTS_DIR; };
		BB709E371C4DC0E1001A9718 /* VideoSplitFrameTests.swift */ = {isa = PBXFileReference; lastKnownFileType = sourcecode.swift; path = VideoSplitFrameTests.swift; sourceTree = "<group>"; };
		BB709E391C4DC0E1001A9718 /* Info.plist */ = {isa = PBXFileReference; lastKnownFileType = text.plist.xml; path = Info.plist; sourceTree = "<group>"; };
		BB709E3E1C4DC0E1001A9718 /* VideoSplitFrameUITests.xctest */ = {isa = PBXFileReference; explicitFileType = wrapper.cfbundle; includeInIndex = 0; path = VideoSplitFrameUITests.xctest; sourceTree = BUILT_PRODUCTS_DIR; };
		BB709E421C4DC0E1001A9718 /* VideoSplitFrameUITests.swift */ = {isa = PBXFileReference; lastKnownFileType = sourcecode.swift; path = VideoSplitFrameUITests.swift; sourceTree = "<group>"; };
		BB709E441C4DC0E1001A9718 /* Info.plist */ = {isa = PBXFileReference; lastKnownFileType = text.plist.xml; path = Info.plist; sourceTree = "<group>"; };
		BB709E501C4DC101001A9718 /* VIdeoSpliter.swift */ = {isa = PBXFileReference; fileEncoding = 4; lastKnownFileType = sourcecode.swift; path = VIdeoSpliter.swift; sourceTree = "<group>"; };
		BB709E521C4DC6A3001A9718 /* video.mp4 */ = {isa = PBXFileReference; lastKnownFileType = file; path = video.mp4; sourceTree = "<group>"; };
		BBA1A1F11C4DE09700487A72 /* ImageCollectionViewCell.swift */ = {isa = PBXFileReference; fileEncoding = 4; lastKnownFileType = sourcecode.swift; path = ImageCollectionViewCell.swift; sourceTree = "<group>"; };
		BBA1A1F21C4DE09700487A72 /* ImageCollectionViewCell.xib */ = {isa = PBXFileReference; fileEncoding = 4; lastKnownFileType = file.xib; path = ImageCollectionViewCell.xib; sourceTree = "<group>"; };
		BBA1A1F51C4E318400487A72 /* video2.mp4 */ = {isa = PBXFileReference; lastKnownFileType = file; path = video2.mp4; sourceTree = "<group>"; };
/* End PBXFileReference section */

/* Begin PBXFrameworksBuildPhase section */
		BB709E1C1C4DC0E1001A9718 /* Frameworks */ = {
			isa = PBXFrameworksBuildPhase;
			buildActionMask = 2147483647;
			files = (
			);
			runOnlyForDeploymentPostprocessing = 0;
		};
		BB709E301C4DC0E1001A9718 /* Frameworks */ = {
			isa = PBXFrameworksBuildPhase;
			buildActionMask = 2147483647;
			files = (
			);
			runOnlyForDeploymentPostprocessing = 0;
		};
		BB709E3B1C4DC0E1001A9718 /* Frameworks */ = {
			isa = PBXFrameworksBuildPhase;
			buildActionMask = 2147483647;
			files = (
			);
			runOnlyForDeploymentPostprocessing = 0;
		};
/* End PBXFrameworksBuildPhase section */

/* Begin PBXGroup section */
		BB709E161C4DC0E0001A9718 = {
			isa = PBXGroup;
			children = (
				BB709E211C4DC0E1001A9718 /* VideoSplitFrame */,
				BB709E361C4DC0E1001A9718 /* VideoSplitFrameTests */,
				BB709E411C4DC0E1001A9718 /* VideoSplitFrameUITests */,
				BB709E201C4DC0E1001A9718 /* Products */,
			);
			sourceTree = "<group>";
		};
		BB709E201C4DC0E1001A9718 /* Products */ = {
			isa = PBXGroup;
			children = (
				BB709E1F1C4DC0E1001A9718 /* VideoSplitFrame.app */,
				BB709E331C4DC0E1001A9718 /* VideoSplitFrameTests.xctest */,
				BB709E3E1C4DC0E1001A9718 /* VideoSplitFrameUITests.xctest */,
			);
			name = Products;
			sourceTree = "<group>";
		};
		BB709E211C4DC0E1001A9718 /* VideoSplitFrame */ = {
			isa = PBXGroup;
			children = (
				BB709E221C4DC0E1001A9718 /* AppDelegate.swift */,
				BB709E241C4DC0E1001A9718 /* ViewController.swift */,
				BB709E501C4DC101001A9718 /* VIdeoSpliter.swift */,
				BBA1A1F51C4E318400487A72 /* video2.mp4 */,
				BB709E521C4DC6A3001A9718 /* video.mp4 */,
				BB709E261C4DC0E1001A9718 /* Main.storyboard */,
				BB709E291C4DC0E1001A9718 /* Assets.xcassets */,
				BBA1A1F11C4DE09700487A72 /* ImageCollectionViewCell.swift */,
				BBA1A1F21C4DE09700487A72 /* ImageCollectionViewCell.xib */,
				BB709E2B1C4DC0E1001A9718 /* LaunchScreen.storyboard */,
				BB709E2E1C4DC0E1001A9718 /* Info.plist */,
			);
			path = VideoSplitFrame;
			sourceTree = "<group>";
		};
		BB709E361C4DC0E1001A9718 /* VideoSplitFrameTests */ = {
			isa = PBXGroup;
			children = (
				BB709E371C4DC0E1001A9718 /* VideoSplitFrameTests.swift */,
				BB709E391C4DC0E1001A9718 /* Info.plist */,
			);
			path = VideoSplitFrameTests;
			sourceTree = "<group>";
		};
		BB709E411C4DC0E1001A9718 /* VideoSplitFrameUITests */ = {
			isa = PBXGroup;
			children = (
				BB709E421C4DC0E1001A9718 /* VideoSplitFrameUITests.swift */,
				BB709E441C4DC0E1001A9718 /* Info.plist */,
			);
			path = VideoSplitFrameUITests;
			sourceTree = "<group>";
		};
/* End PBXGroup section */

/* Begin PBXNativeTarget section */
		BB709E1E1C4DC0E1001A9718 /* VideoSplitFrame */ = {
			isa = PBXNativeTarget;
			buildConfigurationList = BB709E471C4DC0E1001A9718 /* Build configuration list for PBXNativeTarget "VideoSplitFrame" */;
			buildPhases = (
				BB709E1B1C4DC0E1001A9718 /* Sources */,
				BB709E1C1C4DC0E1001A9718 /* Frameworks */,
				BB709E1D1C4DC0E1001A9718 /* Resources */,
			);
			buildRules = (
			);
			dependencies = (
			);
			name = VideoSplitFrame;
			productName = VideoSplitFrame;
			productReference = BB709E1F1C4DC0E1001A9718 /* VideoSplitFrame.app */;
			productType = "com.apple.product-type.application";
		};
		BB709E321C4DC0E1001A9718 /* VideoSplitFrameTests */ = {
			isa = PBXNativeTarget;
			buildConfigurationList = BB709E4A1C4DC0E1001A9718 /* Build configuration list for PBXNativeTarget "VideoSplitFrameTests" */;
			buildPhases = (
				BB709E2F1C4DC0E1001A9718 /* Sources */,
				BB709E301C4DC0E1001A9718 /* Frameworks */,
				BB709E311C4DC0E1001A9718 /* Resources */,
			);
			buildRules = (
			);
			dependencies = (
				BB709E351C4DC0E1001A9718 /* PBXTargetDependency */,
			);
			name = VideoSplitFrameTests;
			productName = VideoSplitFrameTests;
			productReference = BB709E331C4DC0E1001A9718 /* VideoSplitFrameTests.xctest */;
			productType = "com.apple.product-type.bundle.unit-test";
		};
		BB709E3D1C4DC0E1001A9718 /* VideoSplitFrameUITests */ = {
			isa = PBXNativeTarget;
			buildConfigurationList = BB709E4D1C4DC0E1001A9718 /* Build configuration list for PBXNativeTarget "VideoSplitFrameUITests" */;
			buildPhases = (
				BB709E3A1C4DC0E1001A9718 /* Sources */,
				BB709E3B1C4DC0E1001A9718 /* Frameworks */,
				BB709E3C1C4DC0E1001A9718 /* Resources */,
			);
			buildRules = (
			);
			dependencies = (
				BB709E401C4DC0E1001A9718 /* PBXTargetDependency */,
			);
			name = VideoSplitFrameUITests;
			productName = VideoSplitFrameUITests;
			productReference = BB709E3E1C4DC0E1001A9718 /* VideoSplitFrameUITests.xctest */;
			productType = "com.apple.product-type.bundle.ui-testing";
		};
/* End PBXNativeTarget section */

/* Begin PBXProject section */
		BB709E171C4DC0E0001A9718 /* Project object */ = {
			isa = PBXProject;
			attributes = {
				LastSwiftUpdateCheck = 0720;
				LastUpgradeCheck = 0720;
				ORGANIZATIONNAME = "Remi Robert";
				TargetAttributes = {
					BB709E1E1C4DC0E1001A9718 = {
						CreatedOnToolsVersion = 7.2;
					};
					BB709E321C4DC0E1001A9718 = {
						CreatedOnToolsVersion = 7.2;
						TestTargetID = BB709E1E1C4DC0E1001A9718;
					};
					BB709E3D1C4DC0E1001A9718 = {
						CreatedOnToolsVersion = 7.2;
						TestTargetID = BB709E1E1C4DC0E1001A9718;
					};
				};
			};
			buildConfigurationList = BB709E1A1C4DC0E0001A9718 /* Build configuration list for PBXProject "VideoSplitFrame" */;
			compatibilityVersion = "Xcode 3.2";
			developmentRegion = English;
			hasScannedForEncodings = 0;
			knownRegions = (
				en,
				Base,
			);
			mainGroup = BB709E161C4DC0E0001A9718;
			productRefGroup = BB709E201C4DC0E1001A9718 /* Products */;
			projectDirPath = "";
			projectRoot = "";
			targets = (
				BB709E1E1C4DC0E1001A9718 /* VideoSplitFrame */,
				BB709E321C4DC0E1001A9718 /* VideoSplitFrameTests */,
				BB709E3D1C4DC0E1001A9718 /* VideoSplitFrameUITests */,
			);
		};
/* End PBXProject section */

/* Begin PBXResourcesBuildPhase section */
		BB709E1D1C4DC0E1001A9718 /* Resources */ = {
			isa = PBXResourcesBuildPhase;
			buildActionMask = 2147483647;
			files = (
				BBA1A1F61C4E318400487A72 /* video2.mp4 in Resources */,
				BB709E2D1C4DC0E1001A9718 /* LaunchScreen.storyboard in Resources */,
				BB709E2A1C4DC0E1001A9718 /* Assets.xcassets in Resources */,
				BB709E531C4DC6A3001A9718 /* video.mp4 in Resources */,
				BB709E281C4DC0E1001A9718 /* Main.storyboard in Resources */,
				BBA1A1F41C4DE09700487A72 /* ImageCollectionViewCell.xib in Resources */,
			);
			runOnlyForDeploymentPostprocessing = 0;
		};
		BB709E311C4DC0E1001A9718 /* Resources */ = {
			isa = PBXResourcesBuildPhase;
			buildActionMask = 2147483647;
			files = (
			);
			runOnlyForDeploymentPostprocessing = 0;
		};
		BB709E3C1C4DC0E1001A9718 /* Resources */ = {
			isa = PBXResourcesBuildPhase;
			buildActionMask = 2147483647;
			files = (
			);
			runOnlyForDeploymentPostprocessing = 0;
		};
/* End PBXResourcesBuildPhase section */

/* Begin PBXSourcesBuildPhase section */
		BB709E1B1C4DC0E1001A9718 /* Sources */ = {
			isa = PBXSourcesBuildPhase;
			buildActionMask = 2147483647;
			files = (
				BB709E511C4DC101001A9718 /* VIdeoSpliter.swift in Sources */,
				BBA1A1F31C4DE09700487A72 /* ImageCollectionViewCell.swift in Sources */,
				BB709E251C4DC0E1001A9718 /* ViewController.swift in Sources */,
				BB709E231C4DC0E1001A9718 /* AppDelegate.swift in Sources */,
			);
			runOnlyForDeploymentPostprocessing = 0;
		};
		BB709E2F1C4DC0E1001A9718 /* Sources */ = {
			isa = PBXSourcesBuildPhase;
			buildActionMask = 2147483647;
			files = (
				BB709E381C4DC0E1001A9718 /* VideoSplitFrameTests.swift in Sources */,
			);
			runOnlyForDeploymentPostprocessing = 0;
		};
		BB709E3A1C4DC0E1001A9718 /* Sources */ = {
			isa = PBXSourcesBuildPhase;
			buildActionMask = 2147483647;
			files = (
				BB709E431C4DC0E1001A9718 /* VideoSplitFrameUITests.swift in Sources */,
			);
			runOnlyForDeploymentPostprocessing = 0;
		};
/* End PBXSourcesBuildPhase section */

/* Begin PBXTargetDependency section */
		BB709E351C4DC0E1001A9718 /* PBXTargetDependency */ = {
			isa = PBXTargetDependency;
			target = BB709E1E1C4DC0E1001A9718 /* VideoSplitFrame */;
			targetProxy = BB709E341C4DC0E1001A9718 /* PBXContainerItemProxy */;
		};
		BB709E401C4DC0E1001A9718 /* PBXTargetDependency */ = {
			isa = PBXTargetDependency;
			target = BB709E1E1C4DC0E1001A9718 /* VideoSplitFrame */;
			targetProxy = BB709E3F1C4DC0E1001A9718 /* PBXContainerItemProxy */;
		};
/* End PBXTargetDependency section */

/* Begin PBXVariantGroup section */
		BB709E261C4DC0E1001A9718 /* Main.storyboard */ = {
			isa = PBXVariantGroup;
			children = (
				BB709E271C4DC0E1001A9718 /* Base */,
			);
			name = Main.storyboard;
			sourceTree = "<group>";
		};
		BB709E2B1C4DC0E1001A9718 /* LaunchScreen.storyboard */ = {
			isa = PBXVariantGroup;
			children = (
				BB709E2C1C4DC0E1001A9718 /* Base */,
			);
			name = LaunchScreen.storyboard;
			sourceTree = "<group>";
		};
/* End PBXVariantGroup section */

/* Begin XCBuildConfiguration section */
		BB709E451C4DC0E1001A9718 /* Debug */ = {
			isa = XCBuildConfiguration;
			buildSettings = {
				ALWAYS_SEARCH_USER_PATHS = NO;
				CLANG_CXX_LANGUAGE_STANDARD = "gnu++0x";
				CLANG_CXX_LIBRARY = "libc++";
				CLANG_ENABLE_MODULES = YES;
				CLANG_ENABLE_OBJC_ARC = YES;
				CLANG_WARN_BOOL_CONVERSION = YES;
				CLANG_WARN_CONSTANT_CONVERSION = YES;
				CLANG_WARN_DIRECT_OBJC_ISA_USAGE = YES_ERROR;
				CLANG_WARN_EMPTY_BODY = YES;
				CLANG_WARN_ENUM_CONVERSION = YES;
				CLANG_WARN_INT_CONVERSION = YES;
				CLANG_WARN_OBJC_ROOT_CLASS = YES_ERROR;
				CLANG_WARN_UNREACHABLE_CODE = YES;
				CLANG_WARN__DUPLICATE_METHOD_MATCH = YES;
				"CODE_SIGN_IDENTITY[sdk=iphoneos*]" = "iPhone Developer";
				COPY_PHASE_STRIP = NO;
				DEBUG_INFORMATION_FORMAT = dwarf;
				ENABLE_STRICT_OBJC_MSGSEND = YES;
				ENABLE_TESTABILITY = YES;
				GCC_C_LANGUAGE_STANDARD = gnu99;
				GCC_DYNAMIC_NO_PIC = NO;
				GCC_NO_COMMON_BLOCKS = YES;
				GCC_OPTIMIZATION_LEVEL = 0;
				GCC_PREPROCESSOR_DEFINITIONS = (
					"DEBUG=1",
					"$(inherited)",
				);
				GCC_WARN_64_TO_32_BIT_CONVERSION = YES;
				GCC_WARN_ABOUT_RETURN_TYPE = YES_ERROR;
				GCC_WARN_UNDECLARED_SELECTOR = YES;
				GCC_WARN_UNINITIALIZED_AUTOS = YES_AGGRESSIVE;
				GCC_WARN_UNUSED_FUNCTION = YES;
				GCC_WARN_UNUSED_VARIABLE = YES;
				IPHONEOS_DEPLOYMENT_TARGET = 9.2;
				MTL_ENABLE_DEBUG_INFO = YES;
				ONLY_ACTIVE_ARCH = YES;
				SDKROOT = iphoneos;
				SWIFT_OPTIMIZATION_LEVEL = "-Onone";
				TARGETED_DEVICE_FAMILY = "1,2";
			};
			name = Debug;
		};
		BB709E461C4DC0E1001A9718 /* Release */ = {
			isa = XCBuildConfiguration;
			buildSettings = {
				ALWAYS_SEARCH_USER_PATHS = NO;
				CLANG_CXX_LANGUAGE_STANDARD = "gnu++0x";
				CLANG_CXX_LIBRARY = "libc++";
				CLANG_ENABLE_MODULES = YES;
				CLANG_ENABLE_OBJC_ARC = YES;
				CLANG_WARN_BOOL_CONVERSION = YES;
				CLANG_WARN_CONSTANT_CONVERSION = YES;
				CLANG_WARN_DIRECT_OBJC_ISA_USAGE = YES_ERROR;
				CLANG_WARN_EMPTY_BODY = YES;
				CLANG_WARN_ENUM_CONVERSION = YES;
				CLANG_WARN_INT_CONVERSION = YES;
				CLANG_WARN_OBJC_ROOT_CLASS = YES_ERROR;
				CLANG_WARN_UNREACHABLE_CODE = YES;
				CLANG_WARN__DUPLICATE_METHOD_MATCH = YES;
				"CODE_SIGN_IDENTITY[sdk=iphoneos*]" = "iPhone Developer";
				COPY_PHASE_STRIP = NO;
				DEBUG_INFORMATION_FORMAT = "dwarf-with-dsym";
				ENABLE_NS_ASSERTIONS = NO;
				ENABLE_STRICT_OBJC_MSGSEND = YES;
				GCC_C_LANGUAGE_STANDARD = gnu99;
				GCC_NO_COMMON_BLOCKS = YES;
				GCC_WARN_64_TO_32_BIT_CONVERSION = YES;
				GCC_WARN_ABOUT_RETURN_TYPE = YES_ERROR;
				GCC_WARN_UNDECLARED_SELECTOR = YES;
				GCC_WARN_UNINITIALIZED_AUTOS = YES_AGGRESSIVE;
				GCC_WARN_UNUSED_FUNCTION = YES;
				GCC_WARN_UNUSED_VARIABLE = YES;
				IPHONEOS_DEPLOYMENT_TARGET = 9.2;
				MTL_ENABLE_DEBUG_INFO = NO;
				SDKROOT = iphoneos;
				TARGETED_DEVICE_FAMILY = "1,2";
				VALIDATE_PRODUCT = YES;
			};
			name = Release;
		};
		BB709E481C4DC0E1001A9718 /* Debug */ = {
			isa = XCBuildConfiguration;
			buildSettings = {
				ASSETCATALOG_COMPILER_APPICON_NAME = AppIcon;
				INFOPLIST_FILE = VideoSplitFrame/Info.plist;
				LD_RUNPATH_SEARCH_PATHS = "$(inherited) @executable_path/Frameworks";
				PRODUCT_BUNDLE_IDENTIFIER = com.remirobert.VideoSplitFrame;
				PRODUCT_NAME = "$(TARGET_NAME)";
			};
			name = Debug;
		};
		BB709E491C4DC0E1001A9718 /* Release */ = {
			isa = XCBuildConfiguration;
			buildSettings = {
				ASSETCATALOG_COMPILER_APPICON_NAME = AppIcon;
				INFOPLIST_FILE = VideoSplitFrame/Info.plist;
				LD_RUNPATH_SEARCH_PATHS = "$(inherited) @executable_path/Frameworks";
				PRODUCT_BUNDLE_IDENTIFIER = com.remirobert.VideoSplitFrame;
				PRODUCT_NAME = "$(TARGET_NAME)";
			};
			name = Release;
		};
		BB709E4B1C4DC0E1001A9718 /* Debug */ = {
			isa = XCBuildConfiguration;
			buildSettings = {
				BUNDLE_LOADER = "$(TEST_HOST)";
				INFOPLIST_FILE = VideoSplitFrameTests/Info.plist;
				LD_RUNPATH_SEARCH_PATHS = "$(inherited) @executable_path/Frameworks @loader_path/Frameworks";
				PRODUCT_BUNDLE_IDENTIFIER = com.remirobert.VideoSplitFrameTests;
				PRODUCT_NAME = "$(TARGET_NAME)";
				TEST_HOST = "$(BUILT_PRODUCTS_DIR)/VideoSplitFrame.app/VideoSplitFrame";
			};
			name = Debug;
		};
		BB709E4C1C4DC0E1001A9718 /* Release */ = {
			isa = XCBuildConfiguration;
			buildSettings = {
				BUNDLE_LOADER = "$(TEST_HOST)";
				INFOPLIST_FILE = VideoSplitFrameTests/Info.plist;
				LD_RUNPATH_SEARCH_PATHS = "$(inherited) @executable_path/Frameworks @loader_path/Frameworks";
				PRODUCT_BUNDLE_IDENTIFIER = com.remirobert.VideoSplitFrameTests;
				PRODUCT_NAME = "$(TARGET_NAME)";
				TEST_HOST = "$(BUILT_PRODUCTS_DIR)/VideoSplitFrame.app/VideoSplitFrame";
			};
			name = Release;
		};
		BB709E4E1C4DC0E1001A9718 /* Debug */ = {
			isa = XCBuildConfiguration;
			buildSettings = {
				INFOPLIST_FILE = VideoSplitFrameUITests/Info.plist;
				LD_RUNPATH_SEARCH_PATHS = "$(inherited) @executable_path/Frameworks @loader_path/Frameworks";
				PRODUCT_BUNDLE_IDENTIFIER = com.remirobert.VideoSplitFrameUITests;
				PRODUCT_NAME = "$(TARGET_NAME)";
				TEST_TARGET_NAME = VideoSplitFrame;
				USES_XCTRUNNER = YES;
			};
			name = Debug;
		};
		BB709E4F1C4DC0E1001A9718 /* Release */ = {
			isa = XCBuildConfiguration;
			buildSettings = {
				INFOPLIST_FILE = VideoSplitFrameUITests/Info.plist;
				LD_RUNPATH_SEARCH_PATHS = "$(inherited) @executable_path/Frameworks @loader_path/Frameworks";
				PRODUCT_BUNDLE_IDENTIFIER = com.remirobert.VideoSplitFrameUITests;
				PRODUCT_NAME = "$(TARGET_NAME)";
				TEST_TARGET_NAME = VideoSplitFrame;
				USES_XCTRUNNER = YES;
			};
			name = Release;
		};
/* End XCBuildConfiguration section */

/* Begin XCConfigurationList section */
		BB709E1A1C4DC0E0001A9718 /* Build configuration list for PBXProject "VideoSplitFrame" */ = {
			isa = XCConfigurationList;
			buildConfigurations = (
				BB709E451C4DC0E1001A9718 /* Debug */,
				BB709E461C4DC0E1001A9718 /* Release */,
			);
			defaultConfigurationIsVisible = 0;
			defaultConfigurationName = Release;
		};
		BB709E471C4DC0E1001A9718 /* Build configuration list for PBXNativeTarget "VideoSplitFrame" */ = {
			isa = XCConfigurationList;
			buildConfigurations = (
				BB709E481C4DC0E1001A9718 /* Debug */,
				BB709E491C4DC0E1001A9718 /* Release */,
			);
			defaultConfigurationIsVisible = 0;
			defaultConfigurationName = Release;
		};
		BB709E4A1C4DC0E1001A9718 /* Build configuration list for PBXNativeTarget "VideoSplitFrameTests" */ = {
			isa = XCConfigurationList;
			buildConfigurations = (
				BB709E4B1C4DC0E1001A9718 /* Debug */,
				BB709E4C1C4DC0E1001A9718 /* Release */,
			);
			defaultConfigurationIsVisible = 0;
			defaultConfigurationName = Release;
		};
		BB709E4D1C4DC0E1001A9718 /* Build configuration list for PBXNativeTarget "VideoSplitFrameUITests" */ = {
			isa = XCConfigurationList;
			buildConfigurations = (
				BB709E4E1C4DC0E1001A9718 /* Debug */,
				BB709E4F1C4DC0E1001A9718 /* Release */,
			);
			defaultConfigurationIsVisible = 0;
			defaultConfigurationName = Release;
		};
/* End XCConfigurationList section */
	};
	rootObject = BB709E171C4DC0E0001A9718 /* Project object */;
}
